
Microsoft Visual Studio Solution File, Format Version 12.00
# Visual Studio Version 16
VisualStudioVersion = 16.0.31424.327
MinimumVisualStudioVersion = 10.0.40219.1
Project("{F184B08F-C81C-45F6-A57F-5ABD9991F28F}") = "SquareCube_LargerNumber", "SquareCube_LargerNumber\SquareCube_LargerNumber.vbproj", "{E508A221-3FBF-406D-86FA-213E4819A836}"
EndProject
Global
	GlobalSection(SolutionConfigurationPlatforms) = preSolution
		Debug|Any CPU = Debug|Any CPU
		Release|Any CPU = Release|Any CPU
	EndGlobalSection
	GlobalSection(ProjectConfigurationPlatforms) = postSolution
		{E508A221-3FBF-406D-86FA-213E4819A836}.Debug|Any CPU.ActiveCfg = Debug|Any CPU
		{E508A221-3FBF-406D-86FA-213E4819A836}.Debug|Any CPU.Build.0 = Debug|Any CPU
		{E508A221-3FBF-406D-86FA-213E4819A836}.Release|Any CPU.ActiveCfg = Release|Any CPU
		{E508A221-3FBF-406D-86FA-213E4819A836}.Release|Any CPU.Build.0 = Release|Any CPU
	EndGlobalSection
	GlobalSection(SolutionProperties) = preSolution
		HideSolutionNode = FALSE
	EndGlobalSection
	GlobalSection(ExtensibilityGlobals) = postSolution
		SolutionGuid = {00AE6480-B2D6-4767-B980-4CC5FE92FAB9}
	EndGlobalSection
EndGlobal
